// !$*UTF8*$!
{
	archiveVersion = 1;
	classes = {
	};
	objectVersion = 46;
	objects = {

/* Begin PBXBuildFile section */
		4553CE161D1CBABE002D23A8 /* AppDelegate.swift in Sources */ = {isa = PBXBuildFile; fileRef = 4553CE151D1CBABE002D23A8 /* AppDelegate.swift */; };
		4553CE1B1D1CBABE002D23A8 /* Main.storyboard in Resources */ = {isa = PBXBuildFile; fileRef = 4553CE191D1CBABE002D23A8 /* Main.storyboard */; };
		4553CE1D1D1CBABE002D23A8 /* Assets.xcassets in Resources */ = {isa = PBXBuildFile; fileRef = 4553CE1C1D1CBABE002D23A8 /* Assets.xcassets */; };
		4553CE201D1CBABE002D23A8 /* LaunchScreen.storyboard in Resources */ = {isa = PBXBuildFile; fileRef = 4553CE1E1D1CBABE002D23A8 /* LaunchScreen.storyboard */; };
		4553CE291D1CBB3E002D23A8 /* TableViewController.swift in Sources */ = {isa = PBXBuildFile; fileRef = 4553CE281D1CBB3E002D23A8 /* TableViewController.swift */; };
		4553CE2C1D1CBBCE002D23A8 /* LICENSE in Resources */ = {isa = PBXBuildFile; fileRef = 4553CE2A1D1CBBCE002D23A8 /* LICENSE */; };
		4553CE2D1D1CBBCE002D23A8 /* README.md in Sources */ = {isa = PBXBuildFile; fileRef = 4553CE2B1D1CBBCE002D23A8 /* README.md */; };
/* End PBXBuildFile section */

/* Begin PBXFileReference section */
		4553CE121D1CBABD002D23A8 /* DataSourceExample.app */ = {isa = PBXFileReference; explicitFileType = wrapper.application; includeInIndex = 0; path = DataSourceExample.app; sourceTree = BUILT_PRODUCTS_DIR; };
		4553CE151D1CBABE002D23A8 /* AppDelegate.swift */ = {isa = PBXFileReference; lastKnownFileType = sourcecode.swift; path = AppDelegate.swift; sourceTree = "<group>"; };
		4553CE1A1D1CBABE002D23A8 /* Base */ = {isa = PBXFileReference; lastKnownFileType = file.storyboard; name = Base; path = Base.lproj/Main.storyboard; sourceTree = "<group>"; };
		4553CE1C1D1CBABE002D23A8 /* Assets.xcassets */ = {isa = PBXFileReference; lastKnownFileType = folder.assetcatalog; path = Assets.xcassets; sourceTree = "<group>"; };
		4553CE1F1D1CBABE002D23A8 /* Base */ = {isa = PBXFileReference; lastKnownFileType = file.storyboard; name = Base; path = Base.lproj/LaunchScreen.storyboard; sourceTree = "<group>"; };
		4553CE211D1CBABE002D23A8 /* Info.plist */ = {isa = PBXFileReference; lastKnownFileType = text.plist.xml; path = Info.plist; sourceTree = "<group>"; };
		4553CE281D1CBB3E002D23A8 /* TableViewController.swift */ = {isa = PBXFileReference; fileEncoding = 4; lastKnownFileType = sourcecode.swift; path = TableViewController.swift; sourceTree = "<group>"; };
		4553CE2A1D1CBBCE002D23A8 /* LICENSE */ = {isa = PBXFileReference; fileEncoding = 4; lastKnownFileType = text; path = LICENSE; sourceTree = "<group>"; };
		4553CE2B1D1CBBCE002D23A8 /* README.md */ = {isa = PBXFileReference; fileEncoding = 4; lastKnownFileType = net.daringfireball.markdown; path = README.md; sourceTree = "<group>"; };
/* End PBXFileReference section */

/* Begin PBXFrameworksBuildPhase section */
		4553CE0F1D1CBABD002D23A8 /* Frameworks */ = {
			isa = PBXFrameworksBuildPhase;
			buildActionMask = 2147483647;
			files = (
			);
			runOnlyForDeploymentPostprocessing = 0;
		};
/* End PBXFrameworksBuildPhase section */

/* Begin PBXGroup section */
		4553CE091D1CBABD002D23A8 = {
			isa = PBXGroup;
			children = (
				4553CE141D1CBABD002D23A8 /* DataSourceExample */,
				4553CE131D1CBABD002D23A8 /* Products */,
			);
			sourceTree = "<group>";
		};
		4553CE131D1CBABD002D23A8 /* Products */ = {
			isa = PBXGroup;
			children = (
				4553CE121D1CBABD002D23A8 /* DataSourceExample.app */,
			);
			name = Products;
			sourceTree = "<group>";
		};
		4553CE141D1CBABD002D23A8 /* DataSourceExample */ = {
			isa = PBXGroup;
			children = (
				4553CE191D1CBABE002D23A8 /* Main.storyboard */,
				4553CE281D1CBB3E002D23A8 /* TableViewController.swift */,
				4553CE2B1D1CBBCE002D23A8 /* README.md */,
				4553CE271D1CBACE002D23A8 /* Supporting Files */,
			);
			path = DataSourceExample;
			sourceTree = "<group>";
		};
		4553CE271D1CBACE002D23A8 /* Supporting Files */ = {
			isa = PBXGroup;
			children = (
				4553CE2A1D1CBBCE002D23A8 /* LICENSE */,
				4553CE151D1CBABE002D23A8 /* AppDelegate.swift */,
				4553CE1C1D1CBABE002D23A8 /* Assets.xcassets */,
				4553CE1E1D1CBABE002D23A8 /* LaunchScreen.storyboard */,
				4553CE211D1CBABE002D23A8 /* Info.plist */,
			);
			name = "Supporting Files";
			sourceTree = "<group>";
		};
/* End PBXGroup section */

/* Begin PBXNativeTarget section */
		4553CE111D1CBABD002D23A8 /* DataSourceExample */ = {
			isa = PBXNativeTarget;
			buildConfigurationList = 4553CE241D1CBABE002D23A8 /* Build configuration list for PBXNativeTarget "DataSourceExample" */;
			buildPhases = (
				4553CE0E1D1CBABD002D23A8 /* Sources */,
				4553CE0F1D1CBABD002D23A8 /* Frameworks */,
				4553CE101D1CBABD002D23A8 /* Resources */,
			);
			buildRules = (
			);
			dependencies = (
			);
			name = DataSourceExample;
			productName = DataSourceExample;
			productReference = 4553CE121D1CBABD002D23A8 /* DataSourceExample.app */;
			productType = "com.apple.product-type.application";
		};
/* End PBXNativeTarget section */

/* Begin PBXProject section */
		4553CE0A1D1CBABD002D23A8 /* Project object */ = {
			isa = PBXProject;
			attributes = {
				LastSwiftUpdateCheck = 0730;
				LastUpgradeCheck = 0730;
				ORGANIZATIONNAME = LuoJie;
				TargetAttributes = {
					4553CE111D1CBABD002D23A8 = {
						CreatedOnToolsVersion = 7.3;
					};
				};
			};
			buildConfigurationList = 4553CE0D1D1CBABD002D23A8 /* Build configuration list for PBXProject "DataSourceExample" */;
			compatibilityVersion = "Xcode 3.2";
			developmentRegion = English;
			hasScannedForEncodings = 0;
			knownRegions = (
				en,
				Base,
			);
			mainGroup = 4553CE091D1CBABD002D23A8;
			productRefGroup = 4553CE131D1CBABD002D23A8 /* Products */;
			projectDirPath = "";
			projectRoot = "";
			targets = (
				4553CE111D1CBABD002D23A8 /* DataSourceExample */,
			);
		};
/* End PBXProject section */

/* Begin PBXResourcesBuildPhase section */
		4553CE101D1CBABD002D23A8 /* Resources */ = {
			isa = PBXResourcesBuildPhase;
			buildActionMask = 2147483647;
			files = (
				4553CE201D1CBABE002D23A8 /* LaunchScreen.storyboard in Resources */,
				4553CE1D1D1CBABE002D23A8 /* Assets.xcassets in Resources */,
				4553CE2C1D1CBBCE002D23A8 /* LICENSE in Resources */,
				4553CE1B1D1CBABE002D23A8 /* Main.storyboard in Resources */,
			);
			runOnlyForDeploymentPostprocessing = 0;
		};
/* End PBXResourcesBuildPhase section */

/* Begin PBXSourcesBuildPhase section */
		4553CE0E1D1CBABD002D23A8 /* Sources */ = {
			isa = PBXSourcesBuildPhase;
			buildActionMask = 2147483647;
			files = (
				4553CE2D1D1CBBCE002D23A8 /* README.md in Sources */,
				4553CE291D1CBB3E002D23A8 /* TableViewController.swift in Sources */,
				4553CE161D1CBABE002D23A8 /* AppDelegate.swift in Sources */,
			);
			runOnlyForDeploymentPostprocessing = 0;
		};
/* End PBXSourcesBuildPhase section */

/* Begin PBXVariantGroup section */
		4553CE191D1CBABE002D23A8 /* Main.storyboard */ = {
			isa = PBXVariantGroup;
			children = (
				4553CE1A1D1CBABE002D23A8 /* Base */,
			);
			name = Main.storyboard;
			sourceTree = "<group>";
		};
		4553CE1E1D1CBABE002D23A8 /* LaunchScreen.storyboard */ = {
			isa = PBXVariantGroup;
			children = (
				4553CE1F1D1CBABE002D23A8 /* Base */,
			);
			name = LaunchScreen.storyboard;
			sourceTree = "<group>";
		};
/* End PBXVariantGroup section */

/* Begin XCBuildConfiguration section */
		4553CE221D1CBABE002D23A8 /* Debug */ = {
			isa = XCBuildConfiguration;
			buildSettings = {
				ALWAYS_SEARCH_USER_PATHS = NO;
				CLANG_ANALYZER_NONNULL = YES;
				CLANG_CXX_LANGUAGE_STANDARD = "gnu++0x";
				CLANG_CXX_LIBRARY = "libc++";
				CLANG_ENABLE_MODULES = YES;
				CLANG_ENABLE_OBJC_ARC = YES;
				CLANG_WARN_BOOL_CONVERSION = YES;
				CLANG_WARN_CONSTANT_CONVERSION = YES;
				CLANG_WARN_DIRECT_OBJC_ISA_USAGE = YES_ERROR;
				CLANG_WARN_EMPTY_BODY = YES;
				CLANG_WARN_ENUM_CONVERSION = YES;
				CLANG_WARN_INT_CONVERSION = YES;
				CLANG_WARN_OBJC_ROOT_CLASS = YES_ERROR;
				CLANG_WARN_UNREACHABLE_CODE = YES;
				CLANG_WARN__DUPLICATE_METHOD_MATCH = YES;
				"CODE_SIGN_IDENTITY[sdk=iphoneos*]" = "iPhone Developer";
				COPY_PHASE_STRIP = NO;
				DEBUG_INFORMATION_FORMAT = dwarf;
				ENABLE_STRICT_OBJC_MSGSEND = YES;
				ENABLE_TESTABILITY = YES;
				GCC_C_LANGUAGE_STANDARD = gnu99;
				GCC_DYNAMIC_NO_PIC = NO;
				GCC_NO_COMMON_BLOCKS = YES;
				GCC_OPTIMIZATION_LEVEL = 0;
				GCC_PREPROCESSOR_DEFINITIONS = (
					"DEBUG=1",
					"$(inherited)",
				);
				GCC_WARN_64_TO_32_BIT_CONVERSION = YES;
				GCC_WARN_ABOUT_RETURN_TYPE = YES_ERROR;
				GCC_WARN_UNDECLARED_SELECTOR = YES;
				GCC_WARN_UNINITIALIZED_AUTOS = YES_AGGRESSIVE;
				GCC_WARN_UNUSED_FUNCTION = YES;
				GCC_WARN_UNUSED_VARIABLE = YES;
				IPHONEOS_DEPLOYMENT_TARGET = 9.3;
				MTL_ENABLE_DEBUG_INFO = YES;
				ONLY_ACTIVE_ARCH = YES;
				SDKROOT = iphoneos;
				SWIFT_OPTIMIZATION_LEVEL = "-Onone";
				TARGETED_DEVICE_FAMILY = "1,2";
			};
			name = Debug;
		};
		4553CE231D1CBABE002D23A8 /* Release */ = {
			isa = XCBuildConfiguration;
			buildSettings = {
				ALWAYS_SEARCH_USER_PATHS = NO;
				CLANG_ANALYZER_NONNULL = YES;
				CLANG_CXX_LANGUAGE_STANDARD = "gnu++0x";
				CLANG_CXX_LIBRARY = "libc++";
				CLANG_ENABLE_MODULES = YES;
				CLANG_ENABLE_OBJC_ARC = YES;
				CLANG_WARN_BOOL_CONVERSION = YES;
				CLANG_WARN_CONSTANT_CONVERSION = YES;
				CLANG_WARN_DIRECT_OBJC_ISA_USAGE = YES_ERROR;
				CLANG_WARN_EMPTY_BODY = YES;
				CLANG_WARN_ENUM_CONVERSION = YES;
				CLANG_WARN_INT_CONVERSION = YES;
				CLANG_WARN_OBJC_ROOT_CLASS = YES_ERROR;
				CLANG_WARN_UNREACHABLE_CODE = YES;
				CLANG_WARN__DUPLICATE_METHOD_MATCH = YES;
				"CODE_SIGN_IDENTITY[sdk=iphoneos*]" = "iPhone Developer";
				COPY_PHASE_STRIP = NO;
				DEBUG_INFORMATION_FORMAT = "dwarf-with-dsym";
				ENABLE_NS_ASSERTIONS = NO;
				ENABLE_STRICT_OBJC_MSGSEND = YES;
				GCC_C_LANGUAGE_STANDARD = gnu99;
				GCC_NO_COMMON_BLOCKS = YES;
				GCC_WARN_64_TO_32_BIT_CONVERSION = YES;
				GCC_WARN_ABOUT_RETURN_TYPE = YES_ERROR;
				GCC_WARN_UNDECLARED_SELECTOR = YES;
				GCC_WARN_UNINITIALIZED_AUTOS = YES_AGGRESSIVE;
				GCC_WARN_UNUSED_FUNCTION = YES;
				GCC_WARN_UNUSED_VARIABLE = YES;
				IPHONEOS_DEPLOYMENT_TARGET = 9.3;
				MTL_ENABLE_DEBUG_INFO = NO;
				SDKROOT = iphoneos;
				TARGETED_DEVICE_FAMILY = "1,2";
				VALIDATE_PRODUCT = YES;
			};
			name = Release;
		};
		4553CE251D1CBABE002D23A8 /* Debug */ = {
			isa = XCBuildConfiguration;
			buildSettings = {
				ASSETCATALOG_COMPILER_APPICON_NAME = AppIcon;
				INFOPLIST_FILE = DataSourceExample/Info.plist;
				LD_RUNPATH_SEARCH_PATHS = "$(inherited) @executable_path/Frameworks";
				PRODUCT_BUNDLE_IDENTIFIER = cn.beeth0ven.DataSourceExample;
				PRODUCT_NAME = "$(TARGET_NAME)";
			};
			name = Debug;
		};
		4553CE261D1CBABE002D23A8 /* Release */ = {
			isa = XCBuildConfiguration;
			buildSettings = {
				ASSETCATALOG_COMPILER_APPICON_NAME = AppIcon;
				INFOPLIST_FILE = DataSourceExample/Info.plist;
				LD_RUNPATH_SEARCH_PATHS = "$(inherited) @executable_path/Frameworks";
				PRODUCT_BUNDLE_IDENTIFIER = cn.beeth0ven.DataSourceExample;
				PRODUCT_NAME = "$(TARGET_NAME)";
			};
			name = Release;
		};
/* End XCBuildConfiguration section */

/* Begin XCConfigurationList section */
		4553CE0D1D1CBABD002D23A8 /* Build configuration list for PBXProject "DataSourceExample" */ = {
			isa = XCConfigurationList;
			buildConfigurations = (
				4553CE221D1CBABE002D23A8 /* Debug */,
				4553CE231D1CBABE002D23A8 /* Release */,
			);
			defaultConfigurationIsVisible = 0;
			defaultConfigurationName = Release;
		};
		4553CE241D1CBABE002D23A8 /* Build configuration list for PBXNativeTarget "DataSourceExample" */ = {
			isa = XCConfigurationList;
			buildConfigurations = (
				4553CE251D1CBABE002D23A8 /* Debug */,
				4553CE261D1CBABE002D23A8 /* Release */,
			);
			defaultConfigurationIsVisible = 0;
		};
/* End XCConfigurationList section */
	};
	rootObject = 4553CE0A1D1CBABD002D23A8 /* Project object */;
}
